// !$*UTF8*$!
{
	archiveVersion = 1;
	classes = {
	};
	objectVersion = 46;
	objects = {

/* Begin PBXBuildFile section */
		0655E06E1F77A6A0007DD761 /* AppDelegate.swift in Sources */ = {isa = PBXBuildFile; fileRef = 0655E06D1F77A6A0007DD761 /* AppDelegate.swift */; };
		0655E0731F77A6A0007DD761 /* Main.storyboard in Resources */ = {isa = PBXBuildFile; fileRef = 0655E0711F77A6A0007DD761 /* Main.storyboard */; };
		0655E0751F77A6A0007DD761 /* Assets.xcassets in Resources */ = {isa = PBXBuildFile; fileRef = 0655E0741F77A6A0007DD761 /* Assets.xcassets */; };
		0655E0781F77A6A0007DD761 /* LaunchScreen.storyboard in Resources */ = {isa = PBXBuildFile; fileRef = 0655E0761F77A6A0007DD761 /* LaunchScreen.storyboard */; };
		0655E0831F77A6A0007DD761 /* DemoTests.swift in Sources */ = {isa = PBXBuildFile; fileRef = 0655E0821F77A6A0007DD761 /* DemoTests.swift */; };
		0670A00F1F7DE15C00223A37 /* Utility.swift in Sources */ = {isa = PBXBuildFile; fileRef = 0670A00E1F7DE15C00223A37 /* Utility.swift */; };
		067BAA6E1F79947B00DA7FCA /* ContentView.swift in Sources */ = {isa = PBXBuildFile; fileRef = 067BAA671F79947B00DA7FCA /* ContentView.swift */; };
		067BAA6F1F79947B00DA7FCA /* CoverView.swift in Sources */ = {isa = PBXBuildFile; fileRef = 067BAA681F79947B00DA7FCA /* CoverView.swift */; };
		067BAA701F79947B00DA7FCA /* FluctuateView.swift in Sources */ = {isa = PBXBuildFile; fileRef = 067BAA691F79947B00DA7FCA /* FluctuateView.swift */; };
		067BAA711F79947B00DA7FCA /* FluctuateViewController.swift in Sources */ = {isa = PBXBuildFile; fileRef = 067BAA6B1F79947B00DA7FCA /* FluctuateViewController.swift */; };
		067BAA721F79947B00DA7FCA /* Info.plist in Resources */ = {isa = PBXBuildFile; fileRef = 067BAA6C1F79947B00DA7FCA /* Info.plist */; };
		067BAA731F79947B00DA7FCA /* MenuView.swift in Sources */ = {isa = PBXBuildFile; fileRef = 067BAA6D1F79947B00DA7FCA /* MenuView.swift */; };
		067BAA751F79948B00DA7FCA /* ViewController.swift in Sources */ = {isa = PBXBuildFile; fileRef = 067BAA741F79948B00DA7FCA /* ViewController.swift */; };
		067BAA771F799A5A00DA7FCA /* CustomCoverView.swift in Sources */ = {isa = PBXBuildFile; fileRef = 067BAA761F799A5A00DA7FCA /* CustomCoverView.swift */; };
		067BAA791F799A6800DA7FCA /* CustomMenuView.swift in Sources */ = {isa = PBXBuildFile; fileRef = 067BAA781F799A6800DA7FCA /* CustomMenuView.swift */; };
		0691D32C1F7937FE008F08A1 /* FullScrollDemoVC.storyboard in Resources */ = {isa = PBXBuildFile; fileRef = 0691D32B1F7937FE008F08A1 /* FullScrollDemoVC.storyboard */; };
		0691D32E1F793809008F08A1 /* FixedVCDemoVC.storyboard in Resources */ = {isa = PBXBuildFile; fileRef = 0691D32D1F793809008F08A1 /* FixedVCDemoVC.storyboard */; };
		0691D3301F79381B008F08A1 /* FixedScrollDemoVC.storyboard in Resources */ = {isa = PBXBuildFile; fileRef = 0691D32F1F79381B008F08A1 /* FixedScrollDemoVC.storyboard */; };
		0691D3331F7938C5008F08A1 /* 02.png in Resources */ = {isa = PBXBuildFile; fileRef = 0691D3321F7938C5008F08A1 /* 02.png */; };
		0691D3351F7938CC008F08A1 /* 01.png in Resources */ = {isa = PBXBuildFile; fileRef = 0691D3341F7938CC008F08A1 /* 01.png */; };
		0691D3371F7938F0008F08A1 /* 07.png in Resources */ = {isa = PBXBuildFile; fileRef = 0691D3361F7938F0008F08A1 /* 07.png */; };
		06BE5DB91F865758001C5757 /* NoContentView.swift in Sources */ = {isa = PBXBuildFile; fileRef = 06BE5DB81F865758001C5757 /* NoContentView.swift */; };
		06F7FA5D1F88B886007C8E1E /* SampleFullContentHeader.swift in Sources */ = {isa = PBXBuildFile; fileRef = 06F7FA5C1F88B886007C8E1E /* SampleFullContentHeader.swift */; };
/* End PBXBuildFile section */

/* Begin PBXContainerItemProxy section */
		0655E07F1F77A6A0007DD761 /* PBXContainerItemProxy */ = {
			isa = PBXContainerItemProxy;
			containerPortal = 0655E0621F77A69F007DD761 /* Project object */;
			proxyType = 1;
			remoteGlobalIDString = 0655E0691F77A6A0007DD761;
			remoteInfo = Demo;
		};
/* End PBXContainerItemProxy section */

/* Begin PBXFileReference section */
		0655E06A1F77A6A0007DD761 /* Demo.app */ = {isa = PBXFileReference; explicitFileType = wrapper.application; includeInIndex = 0; path = Demo.app; sourceTree = BUILT_PRODUCTS_DIR; };
		0655E06D1F77A6A0007DD761 /* AppDelegate.swift */ = {isa = PBXFileReference; lastKnownFileType = sourcecode.swift; path = AppDelegate.swift; sourceTree = "<group>"; };
		0655E0721F77A6A0007DD761 /* Base */ = {isa = PBXFileReference; lastKnownFileType = file.storyboard; name = Base; path = Base.lproj/Main.storyboard; sourceTree = "<group>"; };
		0655E0741F77A6A0007DD761 /* Assets.xcassets */ = {isa = PBXFileReference; lastKnownFileType = folder.assetcatalog; path = Assets.xcassets; sourceTree = "<group>"; };
		0655E0771F77A6A0007DD761 /* Base */ = {isa = PBXFileReference; lastKnownFileType = file.storyboard; name = Base; path = Base.lproj/LaunchScreen.storyboard; sourceTree = "<group>"; };
		0655E0791F77A6A0007DD761 /* Info.plist */ = {isa = PBXFileReference; lastKnownFileType = text.plist.xml; path = Info.plist; sourceTree = "<group>"; };
		0655E07E1F77A6A0007DD761 /* DemoTests.xctest */ = {isa = PBXFileReference; explicitFileType = wrapper.cfbundle; includeInIndex = 0; path = DemoTests.xctest; sourceTree = BUILT_PRODUCTS_DIR; };
		0655E0821F77A6A0007DD761 /* DemoTests.swift */ = {isa = PBXFileReference; lastKnownFileType = sourcecode.swift; path = DemoTests.swift; sourceTree = "<group>"; };
		0655E0841F77A6A0007DD761 /* Info.plist */ = {isa = PBXFileReference; lastKnownFileType = text.plist.xml; path = Info.plist; sourceTree = "<group>"; };
		0670A00E1F7DE15C00223A37 /* Utility.swift */ = {isa = PBXFileReference; fileEncoding = 4; lastKnownFileType = sourcecode.swift; path = Utility.swift; sourceTree = "<group>"; };
		067BAA671F79947B00DA7FCA /* ContentView.swift */ = {isa = PBXFileReference; fileEncoding = 4; lastKnownFileType = sourcecode.swift; path = ContentView.swift; sourceTree = "<group>"; };
		067BAA681F79947B00DA7FCA /* CoverView.swift */ = {isa = PBXFileReference; fileEncoding = 4; lastKnownFileType = sourcecode.swift; path = CoverView.swift; sourceTree = "<group>"; };
		067BAA691F79947B00DA7FCA /* FluctuateView.swift */ = {isa = PBXFileReference; fileEncoding = 4; lastKnownFileType = sourcecode.swift; path = FluctuateView.swift; sourceTree = "<group>"; };
		067BAA6A1F79947B00DA7FCA /* FluctuateViewController.h */ = {isa = PBXFileReference; fileEncoding = 4; lastKnownFileType = sourcecode.c.h; path = FluctuateViewController.h; sourceTree = "<group>"; };
		067BAA6B1F79947B00DA7FCA /* FluctuateViewController.swift */ = {isa = PBXFileReference; fileEncoding = 4; lastKnownFileType = sourcecode.swift; path = FluctuateViewController.swift; sourceTree = "<group>"; };
		067BAA6C1F79947B00DA7FCA /* Info.plist */ = {isa = PBXFileReference; fileEncoding = 4; lastKnownFileType = text.plist.xml; path = Info.plist; sourceTree = "<group>"; };
		067BAA6D1F79947B00DA7FCA /* MenuView.swift */ = {isa = PBXFileReference; fileEncoding = 4; lastKnownFileType = sourcecode.swift; path = MenuView.swift; sourceTree = "<group>"; };
		067BAA741F79948B00DA7FCA /* ViewController.swift */ = {isa = PBXFileReference; fileEncoding = 4; lastKnownFileType = sourcecode.swift; path = ViewController.swift; sourceTree = "<group>"; };
		067BAA761F799A5A00DA7FCA /* CustomCoverView.swift */ = {isa = PBXFileReference; fileEncoding = 4; lastKnownFileType = sourcecode.swift; path = CustomCoverView.swift; sourceTree = "<group>"; };
		067BAA781F799A6800DA7FCA /* CustomMenuView.swift */ = {isa = PBXFileReference; fileEncoding = 4; lastKnownFileType = sourcecode.swift; path = CustomMenuView.swift; sourceTree = "<group>"; };
		0691D32B1F7937FE008F08A1 /* FullScrollDemoVC.storyboard */ = {isa = PBXFileReference; fileEncoding = 4; lastKnownFileType = file.storyboard; path = FullScrollDemoVC.storyboard; sourceTree = "<group>"; };
		0691D32D1F793809008F08A1 /* FixedVCDemoVC.storyboard */ = {isa = PBXFileReference; fileEncoding = 4; lastKnownFileType = file.storyboard; path = FixedVCDemoVC.storyboard; sourceTree = "<group>"; };
		0691D32F1F79381B008F08A1 /* FixedScrollDemoVC.storyboard */ = {isa = PBXFileReference; fileEncoding = 4; lastKnownFileType = file.storyboard; path = FixedScrollDemoVC.storyboard; sourceTree = "<group>"; };
		0691D3321F7938C5008F08A1 /* 02.png */ = {isa = PBXFileReference; lastKnownFileType = image.png; name = 02.png; path = "../../../../UnityProjects/キャプチャ/Gifs/02.png"; sourceTree = "<group>"; };
		0691D3341F7938CC008F08A1 /* 01.png */ = {isa = PBXFileReference; lastKnownFileType = image.png; name = 01.png; path = "../../../../UnityProjects/キャプチャ/Gifs/01.png"; sourceTree = "<group>"; };
		0691D3361F7938F0008F08A1 /* 07.png */ = {isa = PBXFileReference; lastKnownFileType = image.png; name = 07.png; path = ../../../../UnityProjects/experiment_Unity/gifMake/07.png; sourceTree = "<group>"; };
		06BE5DB81F865758001C5757 /* NoContentView.swift */ = {isa = PBXFileReference; fileEncoding = 4; lastKnownFileType = sourcecode.swift; path = NoContentView.swift; sourceTree = "<group>"; };
		06F7FA5C1F88B886007C8E1E /* SampleFullContentHeader.swift */ = {isa = PBXFileReference; lastKnownFileType = sourcecode.swift; path = SampleFullContentHeader.swift; sourceTree = "<group>"; };
/* End PBXFileReference section */

/* Begin PBXFrameworksBuildPhase section */
		0655E0671F77A6A0007DD761 /* Frameworks */ = {
			isa = PBXFrameworksBuildPhase;
			buildActionMask = 2147483647;
			files = (
			);
			runOnlyForDeploymentPostprocessing = 0;
		};
		0655E07B1F77A6A0007DD761 /* Frameworks */ = {
			isa = PBXFrameworksBuildPhase;
			buildActionMask = 2147483647;
			files = (
			);
			runOnlyForDeploymentPostprocessing = 0;
		};
/* End PBXFrameworksBuildPhase section */

/* Begin PBXGroup section */
		0655E0611F77A69F007DD761 = {
			isa = PBXGroup;
			children = (
				0655E06C1F77A6A0007DD761 /* Demo */,
				0655E0811F77A6A0007DD761 /* DemoTests */,
				0655E06B1F77A6A0007DD761 /* Products */,
				067BAA661F79947B00DA7FCA /* FluctuateViewController */,
			);
			sourceTree = "<group>";
		};
		0655E06B1F77A6A0007DD761 /* Products */ = {
			isa = PBXGroup;
			children = (
				0655E06A1F77A6A0007DD761 /* Demo.app */,
				0655E07E1F77A6A0007DD761 /* DemoTests.xctest */,
			);
			name = Products;
			sourceTree = "<group>";
		};
		0655E06C1F77A6A0007DD761 /* Demo */ = {
			isa = PBXGroup;
			children = (
				0691D3311F79389A008F08A1 /* images */,
				0691D32A1F7937DE008F08A1 /* storyboards */,
				0655E0711F77A6A0007DD761 /* Main.storyboard */,
				0655E0761F77A6A0007DD761 /* LaunchScreen.storyboard */,
				0655E0741F77A6A0007DD761 /* Assets.xcassets */,
				0655E0791F77A6A0007DD761 /* Info.plist */,
				0655E06D1F77A6A0007DD761 /* AppDelegate.swift */,
				067BAA741F79948B00DA7FCA /* ViewController.swift */,
				067BAA761F799A5A00DA7FCA /* CustomCoverView.swift */,
				067BAA781F799A6800DA7FCA /* CustomMenuView.swift */,
			);
			path = Demo;
			sourceTree = "<group>";
		};
		0655E0811F77A6A0007DD761 /* DemoTests */ = {
			isa = PBXGroup;
			children = (
				0655E0821F77A6A0007DD761 /* DemoTests.swift */,
				0655E0841F77A6A0007DD761 /* Info.plist */,
			);
			path = DemoTests;
			sourceTree = "<group>";
		};
		067BAA661F79947B00DA7FCA /* FluctuateViewController */ = {
			isa = PBXGroup;
			children = (
				067BAA6A1F79947B00DA7FCA /* FluctuateViewController.h */,
				067BAA6C1F79947B00DA7FCA /* Info.plist */,
				067BAA691F79947B00DA7FCA /* FluctuateView.swift */,
				067BAA6B1F79947B00DA7FCA /* FluctuateViewController.swift */,
				067BAA681F79947B00DA7FCA /* CoverView.swift */,
				067BAA6D1F79947B00DA7FCA /* MenuView.swift */,
				067BAA671F79947B00DA7FCA /* ContentView.swift */,
				06BE5DB81F865758001C5757 /* NoContentView.swift */,
				0670A00E1F7DE15C00223A37 /* Utility.swift */,
				06F7FA5C1F88B886007C8E1E /* SampleFullContentHeader.swift */,
			);
			name = FluctuateViewController;
			path = ../FluctuateViewController;
			sourceTree = "<group>";
		};
		0691D32A1F7937DE008F08A1 /* storyboards */ = {
			isa = PBXGroup;
			children = (
				0691D32D1F793809008F08A1 /* FixedVCDemoVC.storyboard */,
				0691D32F1F79381B008F08A1 /* FixedScrollDemoVC.storyboard */,
				0691D32B1F7937FE008F08A1 /* FullScrollDemoVC.storyboard */,
			);
			name = storyboards;
			sourceTree = "<group>";
		};
		0691D3311F79389A008F08A1 /* images */ = {
			isa = PBXGroup;
			children = (
				0691D3341F7938CC008F08A1 /* 01.png */,
				0691D3321F7938C5008F08A1 /* 02.png */,
				0691D3361F7938F0008F08A1 /* 07.png */,
			);
			name = images;
			sourceTree = "<group>";
		};
/* End PBXGroup section */

/* Begin PBXNativeTarget section */
		0655E0691F77A6A0007DD761 /* Demo */ = {
			isa = PBXNativeTarget;
			buildConfigurationList = 0655E0871F77A6A0007DD761 /* Build configuration list for PBXNativeTarget "Demo" */;
			buildPhases = (
				0655E0661F77A6A0007DD761 /* Sources */,
				0655E0671F77A6A0007DD761 /* Frameworks */,
				0655E0681F77A6A0007DD761 /* Resources */,
			);
			buildRules = (
			);
			dependencies = (
			);
			name = Demo;
			productName = Demo;
			productReference = 0655E06A1F77A6A0007DD761 /* Demo.app */;
			productType = "com.apple.product-type.application";
		};
		0655E07D1F77A6A0007DD761 /* DemoTests */ = {
			isa = PBXNativeTarget;
			buildConfigurationList = 0655E08A1F77A6A0007DD761 /* Build configuration list for PBXNativeTarget "DemoTests" */;
			buildPhases = (
				0655E07A1F77A6A0007DD761 /* Sources */,
				0655E07B1F77A6A0007DD761 /* Frameworks */,
				0655E07C1F77A6A0007DD761 /* Resources */,
			);
			buildRules = (
			);
			dependencies = (
				0655E0801F77A6A0007DD761 /* PBXTargetDependency */,
			);
			name = DemoTests;
			productName = DemoTests;
			productReference = 0655E07E1F77A6A0007DD761 /* DemoTests.xctest */;
			productType = "com.apple.product-type.bundle.unit-test";
		};
/* End PBXNativeTarget section */

/* Begin PBXProject section */
		0655E0621F77A69F007DD761 /* Project object */ = {
			isa = PBXProject;
			attributes = {
				LastSwiftUpdateCheck = 0830;
				LastUpgradeCheck = 0830;
				ORGANIZATIONNAME = "Yoshimasa Sakuragi";
				TargetAttributes = {
					0655E0691F77A6A0007DD761 = {
						CreatedOnToolsVersion = 8.3.3;
						DevelopmentTeam = N74TUWGM43;
						ProvisioningStyle = Automatic;
					};
					0655E07D1F77A6A0007DD761 = {
						CreatedOnToolsVersion = 8.3.3;
						DevelopmentTeam = N74TUWGM43;
						ProvisioningStyle = Automatic;
						TestTargetID = 0655E0691F77A6A0007DD761;
					};
				};
			};
			buildConfigurationList = 0655E0651F77A69F007DD761 /* Build configuration list for PBXProject "Demo" */;
			compatibilityVersion = "Xcode 3.2";
			developmentRegion = English;
			hasScannedForEncodings = 0;
			knownRegions = (
				en,
				Base,
			);
			mainGroup = 0655E0611F77A69F007DD761;
			productRefGroup = 0655E06B1F77A6A0007DD761 /* Products */;
			projectDirPath = "";
			projectRoot = "";
			targets = (
				0655E0691F77A6A0007DD761 /* Demo */,
				0655E07D1F77A6A0007DD761 /* DemoTests */,
			);
		};
/* End PBXProject section */

/* Begin PBXResourcesBuildPhase section */
		0655E0681F77A6A0007DD761 /* Resources */ = {
			isa = PBXResourcesBuildPhase;
			buildActionMask = 2147483647;
			files = (
				0691D3351F7938CC008F08A1 /* 01.png in Resources */,
				0691D32E1F793809008F08A1 /* FixedVCDemoVC.storyboard in Resources */,
				0655E0781F77A6A0007DD761 /* LaunchScreen.storyboard in Resources */,
				0691D3371F7938F0008F08A1 /* 07.png in Resources */,
				0691D3301F79381B008F08A1 /* FixedScrollDemoVC.storyboard in Resources */,
				0655E0751F77A6A0007DD761 /* Assets.xcassets in Resources */,
				0691D32C1F7937FE008F08A1 /* FullScrollDemoVC.storyboard in Resources */,
				0655E0731F77A6A0007DD761 /* Main.storyboard in Resources */,
				067BAA721F79947B00DA7FCA /* Info.plist in Resources */,
				0691D3331F7938C5008F08A1 /* 02.png in Resources */,
			);
			runOnlyForDeploymentPostprocessing = 0;
		};
		0655E07C1F77A6A0007DD761 /* Resources */ = {
			isa = PBXResourcesBuildPhase;
			buildActionMask = 2147483647;
			files = (
			);
			runOnlyForDeploymentPostprocessing = 0;
		};
/* End PBXResourcesBuildPhase section */

/* Begin PBXSourcesBuildPhase section */
		0655E0661F77A6A0007DD761 /* Sources */ = {
			isa = PBXSourcesBuildPhase;
			buildActionMask = 2147483647;
			files = (
				06BE5DB91F865758001C5757 /* NoContentView.swift in Sources */,
				06F7FA5D1F88B886007C8E1E /* SampleFullContentHeader.swift in Sources */,
				0670A00F1F7DE15C00223A37 /* Utility.swift in Sources */,
				067BAA711F79947B00DA7FCA /* FluctuateViewController.swift in Sources */,
				067BAA731F79947B00DA7FCA /* MenuView.swift in Sources */,
				067BAA791F799A6800DA7FCA /* CustomMenuView.swift in Sources */,
				067BAA6E1F79947B00DA7FCA /* ContentView.swift in Sources */,
				0655E06E1F77A6A0007DD761 /* AppDelegate.swift in Sources */,
				067BAA751F79948B00DA7FCA /* ViewController.swift in Sources */,
				067BAA771F799A5A00DA7FCA /* CustomCoverView.swift in Sources */,
				067BAA701F79947B00DA7FCA /* FluctuateView.swift in Sources */,
				067BAA6F1F79947B00DA7FCA /* CoverView.swift in Sources */,
			);
			runOnlyForDeploymentPostprocessing = 0;
		};
		0655E07A1F77A6A0007DD761 /* Sources */ = {
			isa = PBXSourcesBuildPhase;
			buildActionMask = 2147483647;
			files = (
				0655E0831F77A6A0007DD761 /* DemoTests.swift in Sources */,
			);
			runOnlyForDeploymentPostprocessing = 0;
		};
/* End PBXSourcesBuildPhase section */

/* Begin PBXTargetDependency section */
		0655E0801F77A6A0007DD761 /* PBXTargetDependency */ = {
			isa = PBXTargetDependency;
			target = 0655E0691F77A6A0007DD761 /* Demo */;
			targetProxy = 0655E07F1F77A6A0007DD761 /* PBXContainerItemProxy */;
		};
/* End PBXTargetDependency section */

/* Begin PBXVariantGroup section */
		0655E0711F77A6A0007DD761 /* Main.storyboard */ = {
			isa = PBXVariantGroup;
			children = (
				0655E0721F77A6A0007DD761 /* Base */,
			);
			name = Main.storyboard;
			sourceTree = "<group>";
		};
		0655E0761F77A6A0007DD761 /* LaunchScreen.storyboard */ = {
			isa = PBXVariantGroup;
			children = (
				0655E0771F77A6A0007DD761 /* Base */,
			);
			name = LaunchScreen.storyboard;
			sourceTree = "<group>";
		};
/* End PBXVariantGroup section */

/* Begin XCBuildConfiguration section */
		0655E0851F77A6A0007DD761 /* Debug */ = {
			isa = XCBuildConfiguration;
			buildSettings = {
				ALWAYS_SEARCH_USER_PATHS = NO;
				CLANG_ANALYZER_NONNULL = YES;
				CLANG_ANALYZER_NUMBER_OBJECT_CONVERSION = YES_AGGRESSIVE;
				CLANG_CXX_LANGUAGE_STANDARD = "gnu++0x";
				CLANG_CXX_LIBRARY = "libc++";
				CLANG_ENABLE_MODULES = YES;
				CLANG_ENABLE_OBJC_ARC = YES;
				CLANG_WARN_BOOL_CONVERSION = YES;
				CLANG_WARN_CONSTANT_CONVERSION = YES;
				CLANG_WARN_DIRECT_OBJC_ISA_USAGE = YES_ERROR;
				CLANG_WARN_DOCUMENTATION_COMMENTS = YES;
				CLANG_WARN_EMPTY_BODY = YES;
				CLANG_WARN_ENUM_CONVERSION = YES;
				CLANG_WARN_INFINITE_RECURSION = YES;
				CLANG_WARN_INT_CONVERSION = YES;
				CLANG_WARN_OBJC_ROOT_CLASS = YES_ERROR;
				CLANG_WARN_SUSPICIOUS_MOVE = YES;
				CLANG_WARN_UNREACHABLE_CODE = YES;
				CLANG_WARN__DUPLICATE_METHOD_MATCH = YES;
				"CODE_SIGN_IDENTITY[sdk=iphoneos*]" = "iPhone Developer";
				COPY_PHASE_STRIP = NO;
				DEBUG_INFORMATION_FORMAT = dwarf;
				ENABLE_STRICT_OBJC_MSGSEND = YES;
				ENABLE_TESTABILITY = YES;
				GCC_C_LANGUAGE_STANDARD = gnu99;
				GCC_DYNAMIC_NO_PIC = NO;
				GCC_NO_COMMON_BLOCKS = YES;
				GCC_OPTIMIZATION_LEVEL = 0;
				GCC_PREPROCESSOR_DEFINITIONS = (
					"DEBUG=1",
					"$(inherited)",
				);
				GCC_WARN_64_TO_32_BIT_CONVERSION = YES;
				GCC_WARN_ABOUT_RETURN_TYPE = YES_ERROR;
				GCC_WARN_UNDECLARED_SELECTOR = YES;
				GCC_WARN_UNINITIALIZED_AUTOS = YES_AGGRESSIVE;
				GCC_WARN_UNUSED_FUNCTION = YES;
				GCC_WARN_UNUSED_VARIABLE = YES;
				IPHONEOS_DEPLOYMENT_TARGET = 10.3;
				MTL_ENABLE_DEBUG_INFO = YES;
				ONLY_ACTIVE_ARCH = YES;
				SDKROOT = iphoneos;
				SWIFT_ACTIVE_COMPILATION_CONDITIONS = DEBUG;
				SWIFT_OPTIMIZATION_LEVEL = "-Onone";
				TARGETED_DEVICE_FAMILY = "1,2";
			};
			name = Debug;
		};
		0655E0861F77A6A0007DD761 /* Release */ = {
			isa = XCBuildConfiguration;
			buildSettings = {
				ALWAYS_SEARCH_USER_PATHS = NO;
				CLANG_ANALYZER_NONNULL = YES;
				CLANG_ANALYZER_NUMBER_OBJECT_CONVERSION = YES_AGGRESSIVE;
				CLANG_CXX_LANGUAGE_STANDARD = "gnu++0x";
				CLANG_CXX_LIBRARY = "libc++";
				CLANG_ENABLE_MODULES = YES;
				CLANG_ENABLE_OBJC_ARC = YES;
				CLANG_WARN_BOOL_CONVERSION = YES;
				CLANG_WARN_CONSTANT_CONVERSION = YES;
				CLANG_WARN_DIRECT_OBJC_ISA_USAGE = YES_ERROR;
				CLANG_WARN_DOCUMENTATION_COMMENTS = YES;
				CLANG_WARN_EMPTY_BODY = YES;
				CLANG_WARN_ENUM_CONVERSION = YES;
				CLANG_WARN_INFINITE_RECURSION = YES;
				CLANG_WARN_INT_CONVERSION = YES;
				CLANG_WARN_OBJC_ROOT_CLASS = YES_ERROR;
				CLANG_WARN_SUSPICIOUS_MOVE = YES;
				CLANG_WARN_UNREACHABLE_CODE = YES;
				CLANG_WARN__DUPLICATE_METHOD_MATCH = YES;
				"CODE_SIGN_IDENTITY[sdk=iphoneos*]" = "iPhone Developer";
				COPY_PHASE_STRIP = NO;
				DEBUG_INFORMATION_FORMAT = "dwarf-with-dsym";
				ENABLE_NS_ASSERTIONS = NO;
				ENABLE_STRICT_OBJC_MSGSEND = YES;
				GCC_C_LANGUAGE_STANDARD = gnu99;
				GCC_NO_COMMON_BLOCKS = YES;
				GCC_WARN_64_TO_32_BIT_CONVERSION = YES;
				GCC_WARN_ABOUT_RETURN_TYPE = YES_ERROR;
				GCC_WARN_UNDECLARED_SELECTOR = YES;
				GCC_WARN_UNINITIALIZED_AUTOS = YES_AGGRESSIVE;
				GCC_WARN_UNUSED_FUNCTION = YES;
				GCC_WARN_UNUSED_VARIABLE = YES;
				IPHONEOS_DEPLOYMENT_TARGET = 10.3;
				MTL_ENABLE_DEBUG_INFO = NO;
				SDKROOT = iphoneos;
				SWIFT_OPTIMIZATION_LEVEL = "-Owholemodule";
				TARGETED_DEVICE_FAMILY = "1,2";
				VALIDATE_PRODUCT = YES;
			};
			name = Release;
		};
		0655E0881F77A6A0007DD761 /* Debug */ = {
			isa = XCBuildConfiguration;
			buildSettings = {
				ASSETCATALOG_COMPILER_APPICON_NAME = AppIcon;
				DEVELOPMENT_TEAM = N74TUWGM43;
				INFOPLIST_FILE = Demo/Info.plist;
				LD_RUNPATH_SEARCH_PATHS = "$(inherited) @executable_path/Frameworks";
				PRODUCT_BUNDLE_IDENTIFIER = com.sakuragi.Demo;
				PRODUCT_NAME = "$(TARGET_NAME)";
				SWIFT_VERSION = 3.0;
			};
			name = Debug;
		};
		0655E0891F77A6A0007DD761 /* Release */ = {
			isa = XCBuildConfiguration;
			buildSettings = {
				ASSETCATALOG_COMPILER_APPICON_NAME = AppIcon;
				DEVELOPMENT_TEAM = N74TUWGM43;
				INFOPLIST_FILE = Demo/Info.plist;
				LD_RUNPATH_SEARCH_PATHS = "$(inherited) @executable_path/Frameworks";
				PRODUCT_BUNDLE_IDENTIFIER = com.sakuragi.Demo;
				PRODUCT_NAME = "$(TARGET_NAME)";
				SWIFT_VERSION = 3.0;
			};
			name = Release;
		};
		0655E08B1F77A6A0007DD761 /* Debug */ = {
			isa = XCBuildConfiguration;
			buildSettings = {
				ALWAYS_EMBED_SWIFT_STANDARD_LIBRARIES = YES;
				BUNDLE_LOADER = "$(TEST_HOST)";
				DEVELOPMENT_TEAM = N74TUWGM43;
				INFOPLIST_FILE = DemoTests/Info.plist;
				LD_RUNPATH_SEARCH_PATHS = "$(inherited) @executable_path/Frameworks @loader_path/Frameworks";
				PRODUCT_BUNDLE_IDENTIFIER = com.sakuragi.DemoTests;
				PRODUCT_NAME = "$(TARGET_NAME)";
				SWIFT_VERSION = 3.0;
				TEST_HOST = "$(BUILT_PRODUCTS_DIR)/Demo.app/Demo";
			};
			name = Debug;
		};
		0655E08C1F77A6A0007DD761 /* Release */ = {
			isa = XCBuildConfiguration;
			buildSettings = {
				ALWAYS_EMBED_SWIFT_STANDARD_LIBRARIES = YES;
				BUNDLE_LOADER = "$(TEST_HOST)";
				DEVELOPMENT_TEAM = N74TUWGM43;
				INFOPLIST_FILE = DemoTests/Info.plist;
				LD_RUNPATH_SEARCH_PATHS = "$(inherited) @executable_path/Frameworks @loader_path/Frameworks";
				PRODUCT_BUNDLE_IDENTIFIER = com.sakuragi.DemoTests;
				PRODUCT_NAME = "$(TARGET_NAME)";
				SWIFT_VERSION = 3.0;
				TEST_HOST = "$(BUILT_PRODUCTS_DIR)/Demo.app/Demo";
			};
			name = Release;
		};
/* End XCBuildConfiguration section */

/* Begin XCConfigurationList section */
		0655E0651F77A69F007DD761 /* Build configuration list for PBXProject "Demo" */ = {
			isa = XCConfigurationList;
			buildConfigurations = (
				0655E0851F77A6A0007DD761 /* Debug */,
				0655E0861F77A6A0007DD761 /* Release */,
			);
			defaultConfigurationIsVisible = 0;
			defaultConfigurationName = Release;
		};
		0655E0871F77A6A0007DD761 /* Build configuration list for PBXNativeTarget "Demo" */ = {
			isa = XCConfigurationList;
			buildConfigurations = (
				0655E0881F77A6A0007DD761 /* Debug */,
				0655E0891F77A6A0007DD761 /* Release */,
			);
			defaultConfigurationIsVisible = 0;
			defaultConfigurationName = Release;
		};
		0655E08A1F77A6A0007DD761 /* Build configuration list for PBXNativeTarget "DemoTests" */ = {
			isa = XCConfigurationList;
			buildConfigurations = (
				0655E08B1F77A6A0007DD761 /* Debug */,
				0655E08C1F77A6A0007DD761 /* Release */,
			);
			defaultConfigurationIsVisible = 0;
			defaultConfigurationName = Release;
		};
/* End XCConfigurationList section */
	};
	rootObject = 0655E0621F77A69F007DD761 /* Project object */;
}
